// !$*UTF8*$!
{
	archiveVersion = 1;
	classes = {
	};
	objectVersion = 55;
	objects = {

/* Begin PBXBuildFile section */
		2009ABA627BFE729003D39DA /* AppDelegate.swift in Sources */ = {isa = PBXBuildFile; fileRef = 2009ABA527BFE729003D39DA /* AppDelegate.swift */; };
		2009ABA827BFE729003D39DA /* SceneDelegate.swift in Sources */ = {isa = PBXBuildFile; fileRef = 2009ABA727BFE729003D39DA /* SceneDelegate.swift */; };
		2009ABAA27BFE729003D39DA /* ViewController.swift in Sources */ = {isa = PBXBuildFile; fileRef = 2009ABA927BFE729003D39DA /* ViewController.swift */; };
		2009ABAD27BFE729003D39DA /* Main.storyboard in Resources */ = {isa = PBXBuildFile; fileRef = 2009ABAB27BFE729003D39DA /* Main.storyboard */; };
		2009ABB027BFE729003D39DA /* ExchangeMyCoin.xcdatamodeld in Sources */ = {isa = PBXBuildFile; fileRef = 2009ABAE27BFE729003D39DA /* ExchangeMyCoin.xcdatamodeld */; };
		2009ABB227BFE731003D39DA /* Assets.xcassets in Resources */ = {isa = PBXBuildFile; fileRef = 2009ABB127BFE731003D39DA /* Assets.xcassets */; };
		2009ABB527BFE731003D39DA /* LaunchScreen.storyboard in Resources */ = {isa = PBXBuildFile; fileRef = 2009ABB327BFE731003D39DA /* LaunchScreen.storyboard */; };
		2009ABC027BFE89E003D39DA /* CoinManager.swift in Sources */ = {isa = PBXBuildFile; fileRef = 2009ABBF27BFE89E003D39DA /* CoinManager.swift */; };
		2009ABC227BFE8D0003D39DA /* CurrencyData.swift in Sources */ = {isa = PBXBuildFile; fileRef = 2009ABC127BFE8D0003D39DA /* CurrencyData.swift */; };
		2009ABC427BFE8F9003D39DA /* ExchangeModel.swift in Sources */ = {isa = PBXBuildFile; fileRef = 2009ABC327BFE8F9003D39DA /* ExchangeModel.swift */; };
		2009ABC727BFEFD9003D39DA /* Constants.swift in Sources */ = {isa = PBXBuildFile; fileRef = 2009ABC627BFEFD9003D39DA /* Constants.swift */; };
/* End PBXBuildFile section */

/* Begin PBXFileReference section */
		2009ABA227BFE729003D39DA /* ExchangeMyCoin.app */ = {isa = PBXFileReference; explicitFileType = wrapper.application; includeInIndex = 0; path = ExchangeMyCoin.app; sourceTree = BUILT_PRODUCTS_DIR; };
		2009ABA527BFE729003D39DA /* AppDelegate.swift */ = {isa = PBXFileReference; lastKnownFileType = sourcecode.swift; path = AppDelegate.swift; sourceTree = "<group>"; };
		2009ABA727BFE729003D39DA /* SceneDelegate.swift */ = {isa = PBXFileReference; lastKnownFileType = sourcecode.swift; path = SceneDelegate.swift; sourceTree = "<group>"; };
		2009ABA927BFE729003D39DA /* ViewController.swift */ = {isa = PBXFileReference; lastKnownFileType = sourcecode.swift; path = ViewController.swift; sourceTree = "<group>"; };
		2009ABAC27BFE729003D39DA /* Base */ = {isa = PBXFileReference; lastKnownFileType = file.storyboard; name = Base; path = Base.lproj/Main.storyboard; sourceTree = "<group>"; };
		2009ABAF27BFE729003D39DA /* ExchangeMyCoin.xcdatamodel */ = {isa = PBXFileReference; lastKnownFileType = wrapper.xcdatamodel; path = ExchangeMyCoin.xcdatamodel; sourceTree = "<group>"; };
		2009ABB127BFE731003D39DA /* Assets.xcassets */ = {isa = PBXFileReference; lastKnownFileType = folder.assetcatalog; path = Assets.xcassets; sourceTree = "<group>"; };
		2009ABB427BFE731003D39DA /* Base */ = {isa = PBXFileReference; lastKnownFileType = file.storyboard; name = Base; path = Base.lproj/LaunchScreen.storyboard; sourceTree = "<group>"; };
		2009ABB627BFE731003D39DA /* Info.plist */ = {isa = PBXFileReference; lastKnownFileType = text.plist.xml; path = Info.plist; sourceTree = "<group>"; };
		2009ABBF27BFE89E003D39DA /* CoinManager.swift */ = {isa = PBXFileReference; lastKnownFileType = sourcecode.swift; path = CoinManager.swift; sourceTree = "<group>"; };
		2009ABC127BFE8D0003D39DA /* CurrencyData.swift */ = {isa = PBXFileReference; lastKnownFileType = sourcecode.swift; path = CurrencyData.swift; sourceTree = "<group>"; };
		2009ABC327BFE8F9003D39DA /* ExchangeModel.swift */ = {isa = PBXFileReference; lastKnownFileType = sourcecode.swift; path = ExchangeModel.swift; sourceTree = "<group>"; };
		2009ABC627BFEFD9003D39DA /* Constants.swift */ = {isa = PBXFileReference; lastKnownFileType = sourcecode.swift; path = Constants.swift; sourceTree = "<group>"; };
/* End PBXFileReference section */

/* Begin PBXFrameworksBuildPhase section */
		2009AB9F27BFE729003D39DA /* Frameworks */ = {
			isa = PBXFrameworksBuildPhase;
			buildActionMask = 2147483647;
			files = (
			);
			runOnlyForDeploymentPostprocessing = 0;
		};
/* End PBXFrameworksBuildPhase section */

/* Begin PBXGroup section */
		2009AB9927BFE728003D39DA = {
			isa = PBXGroup;
			children = (
				2009ABA427BFE729003D39DA /* ExchangeMyCoin */,
				2009ABA327BFE729003D39DA /* Products */,
			);
			sourceTree = "<group>";
		};
		2009ABA327BFE729003D39DA /* Products */ = {
			isa = PBXGroup;
			children = (
				2009ABA227BFE729003D39DA /* ExchangeMyCoin.app */,
			);
			name = Products;
			sourceTree = "<group>";
		};
		2009ABA427BFE729003D39DA /* ExchangeMyCoin */ = {
			isa = PBXGroup;
			children = (
				2009ABA527BFE729003D39DA /* AppDelegate.swift */,
				2009ABA727BFE729003D39DA /* SceneDelegate.swift */,
				2009ABBC27BFE7DC003D39DA /* Model */,
				2009ABBD27BFE7E6003D39DA /* View */,
				2009ABBE27BFE7F2003D39DA /* Controller */,
				2009ABB127BFE731003D39DA /* Assets.xcassets */,
				2009ABB327BFE731003D39DA /* LaunchScreen.storyboard */,
				2009ABB627BFE731003D39DA /* Info.plist */,
				2009ABAE27BFE729003D39DA /* ExchangeMyCoin.xcdatamodeld */,
			);
			path = ExchangeMyCoin;
			sourceTree = "<group>";
		};
		2009ABBC27BFE7DC003D39DA /* Model */ = {
			isa = PBXGroup;
			children = (
				2009ABBF27BFE89E003D39DA /* CoinManager.swift */,
				2009ABC127BFE8D0003D39DA /* CurrencyData.swift */,
				2009ABC327BFE8F9003D39DA /* ExchangeModel.swift */,
				2009ABC627BFEFD9003D39DA /* Constants.swift */,
			);
			path = Model;
			sourceTree = "<group>";
		};
		2009ABBD27BFE7E6003D39DA /* View */ = {
			isa = PBXGroup;
			children = (
				2009ABAB27BFE729003D39DA /* Main.storyboard */,
			);
			path = View;
			sourceTree = "<group>";
		};
		2009ABBE27BFE7F2003D39DA /* Controller */ = {
			isa = PBXGroup;
			children = (
				2009ABA927BFE729003D39DA /* ViewController.swift */,
			);
			path = Controller;
			sourceTree = "<group>";
		};
/* End PBXGroup section */

/* Begin PBXNativeTarget section */
		2009ABA127BFE729003D39DA /* ExchangeMyCoin */ = {
			isa = PBXNativeTarget;
			buildConfigurationList = 2009ABB927BFE731003D39DA /* Build configuration list for PBXNativeTarget "ExchangeMyCoin" */;
			buildPhases = (
				2009AB9E27BFE729003D39DA /* Sources */,
				2009AB9F27BFE729003D39DA /* Frameworks */,
				2009ABA027BFE729003D39DA /* Resources */,
			);
			buildRules = (
			);
			dependencies = (
			);
			name = ExchangeMyCoin;
			productName = ExchangeMyCoin;
			productReference = 2009ABA227BFE729003D39DA /* ExchangeMyCoin.app */;
			productType = "com.apple.product-type.application";
		};
/* End PBXNativeTarget section */

/* Begin PBXProject section */
		2009AB9A27BFE728003D39DA /* Project object */ = {
			isa = PBXProject;
			attributes = {
				BuildIndependentTargetsInParallel = 1;
				LastSwiftUpdateCheck = 1320;
				LastUpgradeCheck = 1320;
				TargetAttributes = {
					2009ABA127BFE729003D39DA = {
						CreatedOnToolsVersion = 13.2.1;
					};
				};
			};
			buildConfigurationList = 2009AB9D27BFE728003D39DA /* Build configuration list for PBXProject "ExchangeMyCoin" */;
			compatibilityVersion = "Xcode 13.0";
			developmentRegion = en;
			hasScannedForEncodings = 0;
			knownRegions = (
				en,
				Base,
			);
			mainGroup = 2009AB9927BFE728003D39DA;
			productRefGroup = 2009ABA327BFE729003D39DA /* Products */;
			projectDirPath = "";
			projectRoot = "";
			targets = (
				2009ABA127BFE729003D39DA /* ExchangeMyCoin */,
			);
		};
/* End PBXProject section */

/* Begin PBXResourcesBuildPhase section */
		2009ABA027BFE729003D39DA /* Resources */ = {
			isa = PBXResourcesBuildPhase;
			buildActionMask = 2147483647;
			files = (
				2009ABB527BFE731003D39DA /* LaunchScreen.storyboard in Resources */,
				2009ABB227BFE731003D39DA /* Assets.xcassets in Resources */,
				2009ABAD27BFE729003D39DA /* Main.storyboard in Resources */,
			);
			runOnlyForDeploymentPostprocessing = 0;
		};
/* End PBXResourcesBuildPhase section */

/* Begin PBXSourcesBuildPhase section */
		2009AB9E27BFE729003D39DA /* Sources */ = {
			isa = PBXSourcesBuildPhase;
			buildActionMask = 2147483647;
			files = (
				2009ABC227BFE8D0003D39DA /* CurrencyData.swift in Sources */,
				2009ABC427BFE8F9003D39DA /* ExchangeModel.swift in Sources */,
				2009ABAA27BFE729003D39DA /* ViewController.swift in Sources */,
				2009ABB027BFE729003D39DA /* ExchangeMyCoin.xcdatamodeld in Sources */,
				2009ABA627BFE729003D39DA /* AppDelegate.swift in Sources */,
				2009ABA827BFE729003D39DA /* SceneDelegate.swift in Sources */,
				2009ABC027BFE89E003D39DA /* CoinManager.swift in Sources */,
				2009ABC727BFEFD9003D39DA /* Constants.swift in Sources */,
			);
			runOnlyForDeploymentPostprocessing = 0;
		};
/* End PBXSourcesBuildPhase section */

/* Begin PBXVariantGroup section */
		2009ABAB27BFE729003D39DA /* Main.storyboard */ = {
			isa = PBXVariantGroup;
			children = (
				2009ABAC27BFE729003D39DA /* Base */,
			);
			name = Main.storyboard;
			sourceTree = "<group>";
		};
		2009ABB327BFE731003D39DA /* LaunchScreen.storyboard */ = {
			isa = PBXVariantGroup;
			children = (
				2009ABB427BFE731003D39DA /* Base */,
			);
			name = LaunchScreen.storyboard;
			sourceTree = "<group>";
		};
/* End PBXVariantGroup section */

/* Begin XCBuildConfiguration section */
		2009ABB727BFE731003D39DA /* Debug */ = {
			isa = XCBuildConfiguration;
			buildSettings = {
				ALWAYS_SEARCH_USER_PATHS = NO;
				CLANG_ANALYZER_NONNULL = YES;
				CLANG_ANALYZER_NUMBER_OBJECT_CONVERSION = YES_AGGRESSIVE;
				CLANG_CXX_LANGUAGE_STANDARD = "gnu++17";
				CLANG_CXX_LIBRARY = "libc++";
				CLANG_ENABLE_MODULES = YES;
				CLANG_ENABLE_OBJC_ARC = YES;
				CLANG_ENABLE_OBJC_WEAK = YES;
				CLANG_WARN_BLOCK_CAPTURE_AUTORELEASING = YES;
				CLANG_WARN_BOOL_CONVERSION = YES;
				CLANG_WARN_COMMA = YES;
				CLANG_WARN_CONSTANT_CONVERSION = YES;
				CLANG_WARN_DEPRECATED_OBJC_IMPLEMENTATIONS = YES;
				CLANG_WARN_DIRECT_OBJC_ISA_USAGE = YES_ERROR;
				CLANG_WARN_DOCUMENTATION_COMMENTS = YES;
				CLANG_WARN_EMPTY_BODY = YES;
				CLANG_WARN_ENUM_CONVERSION = YES;
				CLANG_WARN_INFINITE_RECURSION = YES;
				CLANG_WARN_INT_CONVERSION = YES;
				CLANG_WARN_NON_LITERAL_NULL_CONVERSION = YES;
				CLANG_WARN_OBJC_IMPLICIT_RETAIN_SELF = YES;
				CLANG_WARN_OBJC_LITERAL_CONVERSION = YES;
				CLANG_WARN_OBJC_ROOT_CLASS = YES_ERROR;
				CLANG_WARN_QUOTED_INCLUDE_IN_FRAMEWORK_HEADER = YES;
				CLANG_WARN_RANGE_LOOP_ANALYSIS = YES;
				CLANG_WARN_STRICT_PROTOTYPES = YES;
				CLANG_WARN_SUSPICIOUS_MOVE = YES;
				CLANG_WARN_UNGUARDED_AVAILABILITY = YES_AGGRESSIVE;
				CLANG_WARN_UNREACHABLE_CODE = YES;
				CLANG_WARN__DUPLICATE_METHOD_MATCH = YES;
				COPY_PHASE_STRIP = NO;
				DEBUG_INFORMATION_FORMAT = dwarf;
				ENABLE_STRICT_OBJC_MSGSEND = YES;
				ENABLE_TESTABILITY = YES;
				GCC_C_LANGUAGE_STANDARD = gnu11;
				GCC_DYNAMIC_NO_PIC = NO;
				GCC_NO_COMMON_BLOCKS = YES;
				GCC_OPTIMIZATION_LEVEL = 0;
				GCC_PREPROCESSOR_DEFINITIONS = (
					"DEBUG=1",
					"$(inherited)",
				);
				GCC_WARN_64_TO_32_BIT_CONVERSION = YES;
				GCC_WARN_ABOUT_RETURN_TYPE = YES_ERROR;
				GCC_WARN_UNDECLARED_SELECTOR = YES;
				GCC_WARN_UNINITIALIZED_AUTOS = YES_AGGRESSIVE;
				GCC_WARN_UNUSED_FUNCTION = YES;
				GCC_WARN_UNUSED_VARIABLE = YES;
				IPHONEOS_DEPLOYMENT_TARGET = 15.2;
				MTL_ENABLE_DEBUG_INFO = INCLUDE_SOURCE;
				MTL_FAST_MATH = YES;
				ONLY_ACTIVE_ARCH = YES;
				SDKROOT = iphoneos;
				SWIFT_ACTIVE_COMPILATION_CONDITIONS = DEBUG;
				SWIFT_OPTIMIZATION_LEVEL = "-Onone";
			};
			name = Debug;
		};
		2009ABB827BFE731003D39DA /* Release */ = {
			isa = XCBuildConfiguration;
			buildSettings = {
				ALWAYS_SEARCH_USER_PATHS = NO;
				CLANG_ANALYZER_NONNULL = YES;
				CLANG_ANALYZER_NUMBER_OBJECT_CONVERSION = YES_AGGRESSIVE;
				CLANG_CXX_LANGUAGE_STANDARD = "gnu++17";
				CLANG_CXX_LIBRARY = "libc++";
				CLANG_ENABLE_MODULES = YES;
				CLANG_ENABLE_OBJC_ARC = YES;
				CLANG_ENABLE_OBJC_WEAK = YES;
				CLANG_WARN_BLOCK_CAPTURE_AUTORELEASING = YES;
				CLANG_WARN_BOOL_CONVERSION = YES;
				CLANG_WARN_COMMA = YES;
				CLANG_WARN_CONSTANT_CONVERSION = YES;
				CLANG_WARN_DEPRECATED_OBJC_IMPLEMENTATIONS = YES;
				CLANG_WARN_DIRECT_OBJC_ISA_USAGE = YES_ERROR;
				CLANG_WARN_DOCUMENTATION_COMMENTS = YES;
				CLANG_WARN_EMPTY_BODY = YES;
				CLANG_WARN_ENUM_CONVERSION = YES;
				CLANG_WARN_INFINITE_RECURSION = YES;
				CLANG_WARN_INT_CONVERSION = YES;
				CLANG_WARN_NON_LITERAL_NULL_CONVERSION = YES;
				CLANG_WARN_OBJC_IMPLICIT_RETAIN_SELF = YES;
				CLANG_WARN_OBJC_LITERAL_CONVERSION = YES;
				CLANG_WARN_OBJC_ROOT_CLASS = YES_ERROR;
				CLANG_WARN_QUOTED_INCLUDE_IN_FRAMEWORK_HEADER = YES;
				CLANG_WARN_RANGE_LOOP_ANALYSIS = YES;
				CLANG_WARN_STRICT_PROTOTYPES = YES;
				CLANG_WARN_SUSPICIOUS_MOVE = YES;
				CLANG_WARN_UNGUARDED_AVAILABILITY = YES_AGGRESSIVE;
				CLANG_WARN_UNREACHABLE_CODE = YES;
				CLANG_WARN__DUPLICATE_METHOD_MATCH = YES;
				COPY_PHASE_STRIP = NO;
				DEBUG_INFORMATION_FORMAT = "dwarf-with-dsym";
				ENABLE_NS_ASSERTIONS = NO;
				ENABLE_STRICT_OBJC_MSGSEND = YES;
				GCC_C_LANGUAGE_STANDARD = gnu11;
				GCC_NO_COMMON_BLOCKS = YES;
				GCC_WARN_64_TO_32_BIT_CONVERSION = YES;
				GCC_WARN_ABOUT_RETURN_TYPE = YES_ERROR;
				GCC_WARN_UNDECLARED_SELECTOR = YES;
				GCC_WARN_UNINITIALIZED_AUTOS = YES_AGGRESSIVE;
				GCC_WARN_UNUSED_FUNCTION = YES;
				GCC_WARN_UNUSED_VARIABLE = YES;
				IPHONEOS_DEPLOYMENT_TARGET = 15.2;
				MTL_ENABLE_DEBUG_INFO = NO;
				MTL_FAST_MATH = YES;
				SDKROOT = iphoneos;
				SWIFT_COMPILATION_MODE = wholemodule;
				SWIFT_OPTIMIZATION_LEVEL = "-O";
				VALIDATE_PRODUCT = YES;
			};
			name = Release;
		};
		2009ABBA27BFE731003D39DA /* Debug */ = {
			isa = XCBuildConfiguration;
			buildSettings = {
				ASSETCATALOG_COMPILER_APPICON_NAME = AppIcon;
				ASSETCATALOG_COMPILER_GLOBAL_ACCENT_COLOR_NAME = AccentColor;
				CODE_SIGN_STYLE = Automatic;
				CURRENT_PROJECT_VERSION = 1;
				DEVELOPMENT_TEAM = 5TAK8S22WG;
				GENERATE_INFOPLIST_FILE = YES;
				INFOPLIST_FILE = ExchangeMyCoin/Info.plist;
				INFOPLIST_KEY_UIApplicationSupportsIndirectInputEvents = YES;
				INFOPLIST_KEY_UILaunchStoryboardName = LaunchScreen;
				INFOPLIST_KEY_UIMainStoryboardFile = Main;
				INFOPLIST_KEY_UISupportedInterfaceOrientations_iPad = "UIInterfaceOrientationPortrait UIInterfaceOrientationPortraitUpsideDown UIInterfaceOrientationLandscapeLeft UIInterfaceOrientationLandscapeRight";
				INFOPLIST_KEY_UISupportedInterfaceOrientations_iPhone = "UIInterfaceOrientationPortrait UIInterfaceOrientationLandscapeLeft UIInterfaceOrientationLandscapeRight";
				LD_RUNPATH_SEARCH_PATHS = (
					"$(inherited)",
					"@executable_path/Frameworks",
				);
				MARKETING_VERSION = 1.0;
				PRODUCT_BUNDLE_IDENTIFIER = Raunaq.ExchangeMyCoin;
				PRODUCT_NAME = "$(TARGET_NAME)";
				SWIFT_EMIT_LOC_STRINGS = YES;
				SWIFT_VERSION = 5.0;
				TARGETED_DEVICE_FAMILY = "1,2";
			};
			name = Debug;
		};
		2009ABBB27BFE731003D39DA /* Release */ = {
			isa = XCBuildConfiguration;
			buildSettings = {
				ASSETCATALOG_COMPILER_APPICON_NAME = AppIcon;
				ASSETCATALOG_COMPILER_GLOBAL_ACCENT_COLOR_NAME = AccentColor;
				CODE_SIGN_STYLE = Automatic;
				CURRENT_PROJECT_VERSION = 1;
				DEVELOPMENT_TEAM = 5TAK8S22WG;
				GENERATE_INFOPLIST_FILE = YES;
				INFOPLIST_FILE = ExchangeMyCoin/Info.plist;
				INFOPLIST_KEY_UIApplicationSupportsIndirectInputEvents = YES;
				INFOPLIST_KEY_UILaunchStoryboardName = LaunchScreen;
				INFOPLIST_KEY_UIMainStoryboardFile = Main;
				INFOPLIST_KEY_UISupportedInterfaceOrientations_iPad = "UIInterfaceOrientationPortrait UIInterfaceOrientationPortraitUpsideDown UIInterfaceOrientationLandscapeLeft UIInterfaceOrientationLandscapeRight";
				INFOPLIST_KEY_UISupportedInterfaceOrientations_iPhone = "UIInterfaceOrientationPortrait UIInterfaceOrientationLandscapeLeft UIInterfaceOrientationLandscapeRight";
				LD_RUNPATH_SEARCH_PATHS = (
					"$(inherited)",
					"@executable_path/Frameworks",
				);
				MARKETING_VERSION = 1.0;
				PRODUCT_BUNDLE_IDENTIFIER = Raunaq.ExchangeMyCoin;
				PRODUCT_NAME = "$(TARGET_NAME)";
				SWIFT_EMIT_LOC_STRINGS = YES;
				SWIFT_VERSION = 5.0;
				TARGETED_DEVICE_FAMILY = "1,2";
			};
			name = Release;
		};
/* End XCBuildConfiguration section */

/* Begin XCConfigurationList section */
		2009AB9D27BFE728003D39DA /* Build configuration list for PBXProject "ExchangeMyCoin" */ = {
			isa = XCConfigurationList;
			buildConfigurations = (
				2009ABB727BFE731003D39DA /* Debug */,
				2009ABB827BFE731003D39DA /* Release */,
			);
			defaultConfigurationIsVisible = 0;
			defaultConfigurationName = Release;
		};
		2009ABB927BFE731003D39DA /* Build configuration list for PBXNativeTarget "ExchangeMyCoin" */ = {
			isa = XCConfigurationList;
			buildConfigurations = (
				2009ABBA27BFE731003D39DA /* Debug */,
				2009ABBB27BFE731003D39DA /* Release */,
			);
			defaultConfigurationIsVisible = 0;
			defaultConfigurationName = Release;
		};
/* End XCConfigurationList section */

/* Begin XCVersionGroup section */
		2009ABAE27BFE729003D39DA /* ExchangeMyCoin.xcdatamodeld */ = {
			isa = XCVersionGroup;
			children = (
				2009ABAF27BFE729003D39DA /* ExchangeMyCoin.xcdatamodel */,
			);
			currentVersion = 2009ABAF27BFE729003D39DA /* ExchangeMyCoin.xcdatamodel */;
			path = ExchangeMyCoin.xcdatamodeld;
			sourceTree = "<group>";
			versionGroupType = wrapper.xcdatamodel;
		};
/* End XCVersionGroup section */
	};
	rootObject = 2009AB9A27BFE728003D39DA /* Project object */;
}
